
Microsoft Visual Studio Solution File, Format Version 12.00
# Visual Studio Version 16
VisualStudioVersion = 16.0.30717.126
MinimumVisualStudioVersion = 10.0.40219.1
Project("{FAE04EC0-301F-11D3-BF4B-00C04F79EFBC}") = "Client", "Client\Client.csproj", "{857764AD-E262-4A61-A759-AB5E04E7321D}"
EndProject
Project("{FAE04EC0-301F-11D3-BF4B-00C04F79EFBC}") = "Server", "Server\Server.csproj", "{03CB4F27-CDC8-49F0-9190-5B36B4652051}"
EndProject
Global
	GlobalSection(SolutionConfigurationPlatforms) = preSolution
		Debug|Any CPU = Debug|Any CPU
		Release|Any CPU = Release|Any CPU
	EndGlobalSection
	GlobalSection(ProjectConfigurationPlatforms) = postSolution
		{857764AD-E262-4A61-A759-AB5E04E7321D}.Debug|Any CPU.ActiveCfg = Debug|Any CPU
		{857764AD-E262-4A61-A759-AB5E04E7321D}.Debug|Any CPU.Build.0 = Debug|Any CPU
		{857764AD-E262-4A61-A759-AB5E04E7321D}.Release|Any CPU.ActiveCfg = Release|Any CPU
		{857764AD-E262-4A61-A759-AB5E04E7321D}.Release|Any CPU.Build.0 = Release|Any CPU
		{03CB4F27-CDC8-49F0-9190-5B36B4652051}.Debug|Any CPU.ActiveCfg = Debug|Any CPU
		{03CB4F27-CDC8-49F0-9190-5B36B4652051}.Debug|Any CPU.Build.0 = Debug|Any CPU
		{03CB4F27-CDC8-49F0-9190-5B36B4652051}.Release|Any CPU.ActiveCfg = Release|Any CPU
		{03CB4F27-CDC8-49F0-9190-5B36B4652051}.Release|Any CPU.Build.0 = Release|Any CPU
	EndGlobalSection
	GlobalSection(SolutionProperties) = preSolution
		HideSolutionNode = FALSE
	EndGlobalSection
	GlobalSection(ExtensibilityGlobals) = postSolution
		SolutionGuid = {9EEBD716-F80F-400A-BCE4-8C3824F11319}
	EndGlobalSection
EndGlobal
